github.com/3rubasa/go-dht v1.0.1 h1:tJK6+sXwNv2RjhE1yvZtB3xaUMpHzCvwNnz7IRm4GvA=
github.com/3rubasa/go-dht v1.0.1/go.mod h1:tMrP/Edgiw0kzUNJxM05K43r5wkHHxFpa3dPX2VZQvg=
periph.io/x/conn/v3 v3.7.0 h1:f1EXLn4pkf7AEWwkol2gilCNZ0ElY+bxS4WE2PQXfrA=
periph.io/x/conn/v3 v3.7.0/go.mod h1:ypY7UVxgDbP9PJGwFSVelRRagxyXYfttVh7hJZUHEhg=
periph.io/x/host/v3 v3.8.0 h1:T5ojZ2wvnZHGPS4h95N2ZpcCyHnsvH3YRZ1UUUiv5CQ=
periph.io/x/host/v3 v3.8.0/go.mod h1:rzOLH+2g9bhc6pWZrkCrmytD4igwQ2vxFw6Wn6ZOlLY=
